{
  "object": {
    "pins": [
      {
        "package": "MiniNe",
        "repositoryURL": "https://github.com/kevcodex/MiniNe",
        "state": {
          "branch": null,
          "revision": "b8452e628c7b06db9e881a6e764ca4bb5fa78f95",
          "version": "1.1.0"
        }
      },
      {
        "package": "ScriptHelpers",
        "repositoryURL": "https://github.com/kevcodex/ScriptHelpers",
        "state": {
          "branch": null,
          "revision": "3078e0a9f921e37f361f2d9931d52f3913849e18",
          "version": "1.1.1"
        }
      }
    ]
  },
  "version": 1
}
