// !$*UTF8*$!
{
	archiveVersion = 1;
	classes = {
	};
	objectVersion = 46;
	objects = {

/* Begin PBXAggregateTarget section */
		"HouseSearchScript::HouseSearchScriptPackageTests::ProductTarget" /* HouseSearchScriptPackageTests */ = {
			isa = PBXAggregateTarget;
			buildConfigurationList = OBJ_89 /* Build configuration list for PBXAggregateTarget "HouseSearchScriptPackageTests" */;
			buildPhases = (
			);
			dependencies = (
				OBJ_92 /* PBXTargetDependency */,
			);
			name = HouseSearchScriptPackageTests;
			productName = HouseSearchScriptPackageTests;
		};
		"HouseSearchScript::kchousescript::ProductTarget" /* kchousescript */ = {
			isa = PBXAggregateTarget;
			buildConfigurationList = OBJ_135 /* Build configuration list for PBXAggregateTarget "kchousescript" */;
			buildPhases = (
			);
			dependencies = (
				OBJ_138 /* PBXTargetDependency */,
			);
			name = kchousescript;
			productName = kchousescript;
		};
/* End PBXAggregateTarget section */

/* Begin PBXBuildFile section */
		4EED5D0C214EDD2000A35365 /* NetworkClient.swift in Sources */ = {isa = PBXBuildFile; fileRef = 4EED5D07214EDD2000A35365 /* NetworkClient.swift */; };
		4EED5D0D214EDD2000A35365 /* Result.swift in Sources */ = {isa = PBXBuildFile; fileRef = 4EED5D08214EDD2000A35365 /* Result.swift */; };
		4EED5D0E214EDD2000A35365 /* Response.swift in Sources */ = {isa = PBXBuildFile; fileRef = 4EED5D09214EDD2000A35365 /* Response.swift */; };
		4EED5D0F214EDD2000A35365 /* NetworkRequest.swift in Sources */ = {isa = PBXBuildFile; fileRef = 4EED5D0A214EDD2000A35365 /* NetworkRequest.swift */; };
		4EED5D10214EDD2000A35365 /* NetworkError.swift in Sources */ = {isa = PBXBuildFile; fileRef = 4EED5D0B214EDD2000A35365 /* NetworkError.swift */; };
		OBJ_101 /* Source.framework in Frameworks */ = {isa = PBXBuildFile; fileRef = "HouseSearchScript::Source::Product" /* Source.framework */; };
		OBJ_102 /* Alamofire.framework in Frameworks */ = {isa = PBXBuildFile; fileRef = "Alamofire::Alamofire::Product" /* Alamofire.framework */; };
		OBJ_110 /* App.swift in Sources */ = {isa = PBXBuildFile; fileRef = OBJ_11 /* App.swift */; };
		OBJ_112 /* CSVWriter.swift in Sources */ = {isa = PBXBuildFile; fileRef = OBJ_15 /* CSVWriter.swift */; };
		OBJ_113 /* Console.swift in Sources */ = {isa = PBXBuildFile; fileRef = OBJ_16 /* Console.swift */; };
		OBJ_114 /* DateFormatterUtil.swift in Sources */ = {isa = PBXBuildFile; fileRef = OBJ_17 /* DateFormatterUtil.swift */; };
		OBJ_115 /* NetworkAPI.swift in Sources */ = {isa = PBXBuildFile; fileRef = OBJ_18 /* NetworkAPI.swift */; };
		OBJ_117 /* SwiftScriptRunner.swift in Sources */ = {isa = PBXBuildFile; fileRef = OBJ_20 /* SwiftScriptRunner.swift */; };
		OBJ_118 /* AboveTheFold.swift in Sources */ = {isa = PBXBuildFile; fileRef = OBJ_22 /* AboveTheFold.swift */; };
		OBJ_119 /* BelowTheFold.swift in Sources */ = {isa = PBXBuildFile; fileRef = OBJ_23 /* BelowTheFold.swift */; };
		OBJ_120 /* HouseData.swift in Sources */ = {isa = PBXBuildFile; fileRef = OBJ_24 /* HouseData.swift */; };
		OBJ_122 /* Alamofire.framework in Frameworks */ = {isa = PBXBuildFile; fileRef = "Alamofire::Alamofire::Product" /* Alamofire.framework */; };
		OBJ_128 /* SourceTests.swift in Sources */ = {isa = PBXBuildFile; fileRef = OBJ_27 /* SourceTests.swift */; };
		OBJ_130 /* Source.framework in Frameworks */ = {isa = PBXBuildFile; fileRef = "HouseSearchScript::Source::Product" /* Source.framework */; };
		OBJ_131 /* Alamofire.framework in Frameworks */ = {isa = PBXBuildFile; fileRef = "Alamofire::Alamofire::Product" /* Alamofire.framework */; };
		OBJ_58 /* AFError.swift in Sources */ = {isa = PBXBuildFile; fileRef = OBJ_31 /* AFError.swift */; };
		OBJ_59 /* Alamofire.swift in Sources */ = {isa = PBXBuildFile; fileRef = OBJ_32 /* Alamofire.swift */; };
		OBJ_60 /* DispatchQueue+Alamofire.swift in Sources */ = {isa = PBXBuildFile; fileRef = OBJ_33 /* DispatchQueue+Alamofire.swift */; };
		OBJ_61 /* MultipartFormData.swift in Sources */ = {isa = PBXBuildFile; fileRef = OBJ_34 /* MultipartFormData.swift */; };
		OBJ_62 /* NetworkReachabilityManager.swift in Sources */ = {isa = PBXBuildFile; fileRef = OBJ_35 /* NetworkReachabilityManager.swift */; };
		OBJ_63 /* Notifications.swift in Sources */ = {isa = PBXBuildFile; fileRef = OBJ_36 /* Notifications.swift */; };
		OBJ_64 /* ParameterEncoding.swift in Sources */ = {isa = PBXBuildFile; fileRef = OBJ_37 /* ParameterEncoding.swift */; };
		OBJ_65 /* Request.swift in Sources */ = {isa = PBXBuildFile; fileRef = OBJ_38 /* Request.swift */; };
		OBJ_66 /* Response.swift in Sources */ = {isa = PBXBuildFile; fileRef = OBJ_39 /* Response.swift */; };
		OBJ_67 /* ResponseSerialization.swift in Sources */ = {isa = PBXBuildFile; fileRef = OBJ_40 /* ResponseSerialization.swift */; };
		OBJ_68 /* Result.swift in Sources */ = {isa = PBXBuildFile; fileRef = OBJ_41 /* Result.swift */; };
		OBJ_69 /* ServerTrustPolicy.swift in Sources */ = {isa = PBXBuildFile; fileRef = OBJ_42 /* ServerTrustPolicy.swift */; };
		OBJ_70 /* SessionDelegate.swift in Sources */ = {isa = PBXBuildFile; fileRef = OBJ_43 /* SessionDelegate.swift */; };
		OBJ_71 /* SessionManager.swift in Sources */ = {isa = PBXBuildFile; fileRef = OBJ_44 /* SessionManager.swift */; };
		OBJ_72 /* TaskDelegate.swift in Sources */ = {isa = PBXBuildFile; fileRef = OBJ_45 /* TaskDelegate.swift */; };
		OBJ_73 /* Timeline.swift in Sources */ = {isa = PBXBuildFile; fileRef = OBJ_46 /* Timeline.swift */; };
		OBJ_74 /* Validation.swift in Sources */ = {isa = PBXBuildFile; fileRef = OBJ_47 /* Validation.swift */; };
		OBJ_81 /* Package.swift in Sources */ = {isa = PBXBuildFile; fileRef = OBJ_30 /* Package.swift */; };
		OBJ_87 /* Package.swift in Sources */ = {isa = PBXBuildFile; fileRef = OBJ_6 /* Package.swift */; };
		OBJ_99 /* main.swift in Sources */ = {isa = PBXBuildFile; fileRef = OBJ_9 /* main.swift */; };
/* End PBXBuildFile section */

/* Begin PBXContainerItemProxy section */
		4E70F074214D90B900CDA9A0 /* PBXContainerItemProxy */ = {
			isa = PBXContainerItemProxy;
			containerPortal = OBJ_1 /* Project object */;
			proxyType = 1;
			remoteGlobalIDString = "HouseSearchScript::Source";
			remoteInfo = Source;
		};
		4E70F075214D90B900CDA9A0 /* PBXContainerItemProxy */ = {
			isa = PBXContainerItemProxy;
			containerPortal = OBJ_1 /* Project object */;
			proxyType = 1;
			remoteGlobalIDString = "Alamofire::Alamofire";
			remoteInfo = Alamofire;
		};
		4E70F076214D90B900CDA9A0 /* PBXContainerItemProxy */ = {
			isa = PBXContainerItemProxy;
			containerPortal = OBJ_1 /* Project object */;
			proxyType = 1;
			remoteGlobalIDString = "Alamofire::Alamofire";
			remoteInfo = Alamofire;
		};
		4E70F077214D90BA00CDA9A0 /* PBXContainerItemProxy */ = {
			isa = PBXContainerItemProxy;
			containerPortal = OBJ_1 /* Project object */;
			proxyType = 1;
			remoteGlobalIDString = "HouseSearchScript::SourceTests";
			remoteInfo = SourceTests;
		};
		4E70F078214D90BA00CDA9A0 /* PBXContainerItemProxy */ = {
			isa = PBXContainerItemProxy;
			containerPortal = OBJ_1 /* Project object */;
			proxyType = 1;
			remoteGlobalIDString = "HouseSearchScript::Source";
			remoteInfo = Source;
		};
		4E70F079214D90BA00CDA9A0 /* PBXContainerItemProxy */ = {
			isa = PBXContainerItemProxy;
			containerPortal = OBJ_1 /* Project object */;
			proxyType = 1;
			remoteGlobalIDString = "Alamofire::Alamofire";
			remoteInfo = Alamofire;
		};
		4E70F07A214D90BA00CDA9A0 /* PBXContainerItemProxy */ = {
			isa = PBXContainerItemProxy;
			containerPortal = OBJ_1 /* Project object */;
			proxyType = 1;
			remoteGlobalIDString = "HouseSearchScript::Run";
			remoteInfo = Run;
		};
/* End PBXContainerItemProxy section */

/* Begin PBXFileReference section */
		4EED5D07214EDD2000A35365 /* NetworkClient.swift */ = {isa = PBXFileReference; fileEncoding = 4; lastKnownFileType = sourcecode.swift; path = NetworkClient.swift; sourceTree = "<group>"; };
		4EED5D08214EDD2000A35365 /* Result.swift */ = {isa = PBXFileReference; fileEncoding = 4; lastKnownFileType = sourcecode.swift; path = Result.swift; sourceTree = "<group>"; };
		4EED5D09214EDD2000A35365 /* Response.swift */ = {isa = PBXFileReference; fileEncoding = 4; lastKnownFileType = sourcecode.swift; path = Response.swift; sourceTree = "<group>"; };
		4EED5D0A214EDD2000A35365 /* NetworkRequest.swift */ = {isa = PBXFileReference; fileEncoding = 4; lastKnownFileType = sourcecode.swift; path = NetworkRequest.swift; sourceTree = "<group>"; };
		4EED5D0B214EDD2000A35365 /* NetworkError.swift */ = {isa = PBXFileReference; fileEncoding = 4; lastKnownFileType = sourcecode.swift; path = NetworkError.swift; sourceTree = "<group>"; };
		"Alamofire::Alamofire::Product" /* Alamofire.framework */ = {isa = PBXFileReference; explicitFileType = wrapper.framework; path = Alamofire.framework; sourceTree = BUILT_PRODUCTS_DIR; };
		"HouseSearchScript::Run::Product" /* Run */ = {isa = PBXFileReference; lastKnownFileType = text; path = Run; sourceTree = BUILT_PRODUCTS_DIR; };
		"HouseSearchScript::Source::Product" /* Source.framework */ = {isa = PBXFileReference; explicitFileType = wrapper.framework; path = Source.framework; sourceTree = BUILT_PRODUCTS_DIR; };
		"HouseSearchScript::SourceTests::Product" /* SourceTests.xctest */ = {isa = PBXFileReference; lastKnownFileType = file; path = SourceTests.xctest; sourceTree = BUILT_PRODUCTS_DIR; };
		OBJ_11 /* App.swift */ = {isa = PBXFileReference; lastKnownFileType = sourcecode.swift; path = App.swift; sourceTree = "<group>"; };
		OBJ_15 /* CSVWriter.swift */ = {isa = PBXFileReference; lastKnownFileType = sourcecode.swift; path = CSVWriter.swift; sourceTree = "<group>"; };
		OBJ_16 /* Console.swift */ = {isa = PBXFileReference; lastKnownFileType = sourcecode.swift; path = Console.swift; sourceTree = "<group>"; };
		OBJ_17 /* DateFormatterUtil.swift */ = {isa = PBXFileReference; lastKnownFileType = sourcecode.swift; path = DateFormatterUtil.swift; sourceTree = "<group>"; };
		OBJ_18 /* NetworkAPI.swift */ = {isa = PBXFileReference; lastKnownFileType = sourcecode.swift; path = NetworkAPI.swift; sourceTree = "<group>"; };
		OBJ_20 /* SwiftScriptRunner.swift */ = {isa = PBXFileReference; lastKnownFileType = sourcecode.swift; path = SwiftScriptRunner.swift; sourceTree = "<group>"; };
		OBJ_22 /* AboveTheFold.swift */ = {isa = PBXFileReference; lastKnownFileType = sourcecode.swift; path = AboveTheFold.swift; sourceTree = "<group>"; };
		OBJ_23 /* BelowTheFold.swift */ = {isa = PBXFileReference; lastKnownFileType = sourcecode.swift; path = BelowTheFold.swift; sourceTree = "<group>"; };
		OBJ_24 /* HouseData.swift */ = {isa = PBXFileReference; lastKnownFileType = sourcecode.swift; path = HouseData.swift; sourceTree = "<group>"; };
		OBJ_27 /* SourceTests.swift */ = {isa = PBXFileReference; lastKnownFileType = sourcecode.swift; path = SourceTests.swift; sourceTree = "<group>"; };
		OBJ_30 /* Package.swift */ = {isa = PBXFileReference; explicitFileType = sourcecode.swift; name = Package.swift; path = "/Users/kirby/Documents/KNC_Creative/Swift_Scripting/Projects/HouseSearchScript/.build/checkouts/Alamofire.git-6801331143877184500/Package.swift"; sourceTree = "<group>"; };
		OBJ_31 /* AFError.swift */ = {isa = PBXFileReference; lastKnownFileType = sourcecode.swift; path = AFError.swift; sourceTree = "<group>"; };
		OBJ_32 /* Alamofire.swift */ = {isa = PBXFileReference; lastKnownFileType = sourcecode.swift; path = Alamofire.swift; sourceTree = "<group>"; };
		OBJ_33 /* DispatchQueue+Alamofire.swift */ = {isa = PBXFileReference; lastKnownFileType = sourcecode.swift; path = "DispatchQueue+Alamofire.swift"; sourceTree = "<group>"; };
		OBJ_34 /* MultipartFormData.swift */ = {isa = PBXFileReference; lastKnownFileType = sourcecode.swift; path = MultipartFormData.swift; sourceTree = "<group>"; };
		OBJ_35 /* NetworkReachabilityManager.swift */ = {isa = PBXFileReference; lastKnownFileType = sourcecode.swift; path = NetworkReachabilityManager.swift; sourceTree = "<group>"; };
		OBJ_36 /* Notifications.swift */ = {isa = PBXFileReference; lastKnownFileType = sourcecode.swift; path = Notifications.swift; sourceTree = "<group>"; };
		OBJ_37 /* ParameterEncoding.swift */ = {isa = PBXFileReference; lastKnownFileType = sourcecode.swift; path = ParameterEncoding.swift; sourceTree = "<group>"; };
		OBJ_38 /* Request.swift */ = {isa = PBXFileReference; lastKnownFileType = sourcecode.swift; path = Request.swift; sourceTree = "<group>"; };
		OBJ_39 /* Response.swift */ = {isa = PBXFileReference; lastKnownFileType = sourcecode.swift; path = Response.swift; sourceTree = "<group>"; };
		OBJ_40 /* ResponseSerialization.swift */ = {isa = PBXFileReference; lastKnownFileType = sourcecode.swift; path = ResponseSerialization.swift; sourceTree = "<group>"; };
		OBJ_41 /* Result.swift */ = {isa = PBXFileReference; lastKnownFileType = sourcecode.swift; path = Result.swift; sourceTree = "<group>"; };
		OBJ_42 /* ServerTrustPolicy.swift */ = {isa = PBXFileReference; lastKnownFileType = sourcecode.swift; path = ServerTrustPolicy.swift; sourceTree = "<group>"; };
		OBJ_43 /* SessionDelegate.swift */ = {isa = PBXFileReference; lastKnownFileType = sourcecode.swift; path = SessionDelegate.swift; sourceTree = "<group>"; };
		OBJ_44 /* SessionManager.swift */ = {isa = PBXFileReference; lastKnownFileType = sourcecode.swift; path = SessionManager.swift; sourceTree = "<group>"; };
		OBJ_45 /* TaskDelegate.swift */ = {isa = PBXFileReference; lastKnownFileType = sourcecode.swift; path = TaskDelegate.swift; sourceTree = "<group>"; };
		OBJ_46 /* Timeline.swift */ = {isa = PBXFileReference; lastKnownFileType = sourcecode.swift; path = Timeline.swift; sourceTree = "<group>"; };
		OBJ_47 /* Validation.swift */ = {isa = PBXFileReference; lastKnownFileType = sourcecode.swift; path = Validation.swift; sourceTree = "<group>"; };
		OBJ_6 /* Package.swift */ = {isa = PBXFileReference; explicitFileType = sourcecode.swift; path = Package.swift; sourceTree = "<group>"; };
		OBJ_9 /* main.swift */ = {isa = PBXFileReference; lastKnownFileType = sourcecode.swift; path = main.swift; sourceTree = "<group>"; };
/* End PBXFileReference section */

/* Begin PBXFrameworksBuildPhase section */
		OBJ_100 /* Frameworks */ = {
			isa = PBXFrameworksBuildPhase;
			buildActionMask = 0;
			files = (
				OBJ_101 /* Source.framework in Frameworks */,
				OBJ_102 /* Alamofire.framework in Frameworks */,
			);
			runOnlyForDeploymentPostprocessing = 0;
		};
		OBJ_121 /* Frameworks */ = {
			isa = PBXFrameworksBuildPhase;
			buildActionMask = 0;
			files = (
				OBJ_122 /* Alamofire.framework in Frameworks */,
			);
			runOnlyForDeploymentPostprocessing = 0;
		};
		OBJ_129 /* Frameworks */ = {
			isa = PBXFrameworksBuildPhase;
			buildActionMask = 0;
			files = (
				OBJ_130 /* Source.framework in Frameworks */,
				OBJ_131 /* Alamofire.framework in Frameworks */,
			);
			runOnlyForDeploymentPostprocessing = 0;
		};
		OBJ_75 /* Frameworks */ = {
			isa = PBXFrameworksBuildPhase;
			buildActionMask = 0;
			files = (
			);
			runOnlyForDeploymentPostprocessing = 0;
		};
/* End PBXFrameworksBuildPhase section */

/* Begin PBXGroup section */
		4EED5D06214EDD2000A35365 /* Networking */ = {
			isa = PBXGroup;
			children = (
				4EED5D07214EDD2000A35365 /* NetworkClient.swift */,
				4EED5D08214EDD2000A35365 /* Result.swift */,
				4EED5D09214EDD2000A35365 /* Response.swift */,
				4EED5D0A214EDD2000A35365 /* NetworkRequest.swift */,
				4EED5D0B214EDD2000A35365 /* NetworkError.swift */,
			);
			path = Networking;
			sourceTree = "<group>";
		};
		OBJ_10 /* Source */ = {
			isa = PBXGroup;
			children = (
				OBJ_11 /* App.swift */,
				4EED5D06214EDD2000A35365 /* Networking */,
				OBJ_14 /* Helpers */,
				OBJ_21 /* Models */,
			);
			name = Source;
			path = Sources/Source;
			sourceTree = SOURCE_ROOT;
		};
		OBJ_14 /* Helpers */ = {
			isa = PBXGroup;
			children = (
				OBJ_15 /* CSVWriter.swift */,
				OBJ_16 /* Console.swift */,
				OBJ_17 /* DateFormatterUtil.swift */,
				OBJ_18 /* NetworkAPI.swift */,
				OBJ_20 /* SwiftScriptRunner.swift */,
			);
			path = Helpers;
			sourceTree = "<group>";
		};
		OBJ_21 /* Models */ = {
			isa = PBXGroup;
			children = (
				OBJ_22 /* AboveTheFold.swift */,
				OBJ_23 /* BelowTheFold.swift */,
				OBJ_24 /* HouseData.swift */,
			);
			path = Models;
			sourceTree = "<group>";
		};
		OBJ_25 /* Tests */ = {
			isa = PBXGroup;
			children = (
				OBJ_26 /* SourceTests */,
			);
			name = Tests;
			sourceTree = SOURCE_ROOT;
		};
		OBJ_26 /* SourceTests */ = {
			isa = PBXGroup;
			children = (
				OBJ_27 /* SourceTests.swift */,
			);
			name = SourceTests;
			path = Tests/SourceTests;
			sourceTree = SOURCE_ROOT;
		};
		OBJ_28 /* Dependencies */ = {
			isa = PBXGroup;
			children = (
				OBJ_29 /* Alamofire 4.7.3 */,
			);
			name = Dependencies;
			sourceTree = "<group>";
		};
		OBJ_29 /* Alamofire 4.7.3 */ = {
			isa = PBXGroup;
			children = (
				OBJ_30 /* Package.swift */,
				OBJ_31 /* AFError.swift */,
				OBJ_32 /* Alamofire.swift */,
				OBJ_33 /* DispatchQueue+Alamofire.swift */,
				OBJ_34 /* MultipartFormData.swift */,
				OBJ_35 /* NetworkReachabilityManager.swift */,
				OBJ_36 /* Notifications.swift */,
				OBJ_37 /* ParameterEncoding.swift */,
				OBJ_38 /* Request.swift */,
				OBJ_39 /* Response.swift */,
				OBJ_40 /* ResponseSerialization.swift */,
				OBJ_41 /* Result.swift */,
				OBJ_42 /* ServerTrustPolicy.swift */,
				OBJ_43 /* SessionDelegate.swift */,
				OBJ_44 /* SessionManager.swift */,
				OBJ_45 /* TaskDelegate.swift */,
				OBJ_46 /* Timeline.swift */,
				OBJ_47 /* Validation.swift */,
			);
			name = "Alamofire 4.7.3";
			path = ".build/checkouts/Alamofire.git-6801331143877184500/Source";
			sourceTree = SOURCE_ROOT;
		};
		OBJ_48 /* Products */ = {
			isa = PBXGroup;
			children = (
				"HouseSearchScript::SourceTests::Product" /* SourceTests.xctest */,
				"Alamofire::Alamofire::Product" /* Alamofire.framework */,
				"HouseSearchScript::Run::Product" /* Run */,
				"HouseSearchScript::Source::Product" /* Source.framework */,
			);
			name = Products;
			sourceTree = BUILT_PRODUCTS_DIR;
		};
		OBJ_5 = {
			isa = PBXGroup;
			children = (
				OBJ_6 /* Package.swift */,
				OBJ_7 /* Sources */,
				OBJ_25 /* Tests */,
				OBJ_28 /* Dependencies */,
				OBJ_48 /* Products */,
			);
			sourceTree = "<group>";
		};
		OBJ_7 /* Sources */ = {
			isa = PBXGroup;
			children = (
				OBJ_8 /* Run */,
				OBJ_10 /* Source */,
			);
			name = Sources;
			sourceTree = SOURCE_ROOT;
		};
		OBJ_8 /* Run */ = {
			isa = PBXGroup;
			children = (
				OBJ_9 /* main.swift */,
			);
			name = Run;
			path = Sources/Run;
			sourceTree = SOURCE_ROOT;
		};
/* End PBXGroup section */

/* Begin PBXNativeTarget section */
		"Alamofire::Alamofire" /* Alamofire */ = {
			isa = PBXNativeTarget;
			buildConfigurationList = OBJ_54 /* Build configuration list for PBXNativeTarget "Alamofire" */;
			buildPhases = (
				OBJ_57 /* Sources */,
				OBJ_75 /* Frameworks */,
			);
			buildRules = (
			);
			dependencies = (
			);
			name = Alamofire;
			productName = Alamofire;
			productReference = "Alamofire::Alamofire::Product" /* Alamofire.framework */;
			productType = "com.apple.product-type.framework";
		};
		"Alamofire::SwiftPMPackageDescription" /* AlamofirePackageDescription */ = {
			isa = PBXNativeTarget;
			buildConfigurationList = OBJ_77 /* Build configuration list for PBXNativeTarget "AlamofirePackageDescription" */;
			buildPhases = (
				OBJ_80 /* Sources */,
			);
			buildRules = (
			);
			dependencies = (
			);
			name = AlamofirePackageDescription;
			productName = AlamofirePackageDescription;
			productType = "com.apple.product-type.framework";
		};
		"HouseSearchScript::Run" /* Run */ = {
			isa = PBXNativeTarget;
			buildConfigurationList = OBJ_95 /* Build configuration list for PBXNativeTarget "Run" */;
			buildPhases = (
				OBJ_98 /* Sources */,
				OBJ_100 /* Frameworks */,
			);
			buildRules = (
			);
			dependencies = (
				OBJ_103 /* PBXTargetDependency */,
				OBJ_105 /* PBXTargetDependency */,
			);
			name = Run;
			productName = Run;
			productReference = "HouseSearchScript::Run::Product" /* Run */;
			productType = "com.apple.product-type.tool";
		};
		"HouseSearchScript::Source" /* Source */ = {
			isa = PBXNativeTarget;
			buildConfigurationList = OBJ_106 /* Build configuration list for PBXNativeTarget "Source" */;
			buildPhases = (
				OBJ_109 /* Sources */,
				OBJ_121 /* Frameworks */,
			);
			buildRules = (
			);
			dependencies = (
				OBJ_123 /* PBXTargetDependency */,
			);
			name = Source;
			productName = Source;
			productReference = "HouseSearchScript::Source::Product" /* Source.framework */;
			productType = "com.apple.product-type.framework";
		};
		"HouseSearchScript::SourceTests" /* SourceTests */ = {
			isa = PBXNativeTarget;
			buildConfigurationList = OBJ_124 /* Build configuration list for PBXNativeTarget "SourceTests" */;
			buildPhases = (
				OBJ_127 /* Sources */,
				OBJ_129 /* Frameworks */,
			);
			buildRules = (
			);
			dependencies = (
				OBJ_132 /* PBXTargetDependency */,
				OBJ_133 /* PBXTargetDependency */,
			);
			name = SourceTests;
			productName = SourceTests;
			productReference = "HouseSearchScript::SourceTests::Product" /* SourceTests.xctest */;
			productType = "com.apple.product-type.bundle.unit-test";
		};
		"HouseSearchScript::SwiftPMPackageDescription" /* HouseSearchScriptPackageDescription */ = {
			isa = PBXNativeTarget;
			buildConfigurationList = OBJ_83 /* Build configuration list for PBXNativeTarget "HouseSearchScriptPackageDescription" */;
			buildPhases = (
				OBJ_86 /* Sources */,
			);
			buildRules = (
			);
			dependencies = (
			);
			name = HouseSearchScriptPackageDescription;
			productName = HouseSearchScriptPackageDescription;
			productType = "com.apple.product-type.framework";
		};
/* End PBXNativeTarget section */

/* Begin PBXProject section */
		OBJ_1 /* Project object */ = {
			isa = PBXProject;
			attributes = {
				LastUpgradeCheck = 9999;
			};
			buildConfigurationList = OBJ_2 /* Build configuration list for PBXProject "HouseSearchScript" */;
			compatibilityVersion = "Xcode 3.2";
			developmentRegion = English;
			hasScannedForEncodings = 0;
			knownRegions = (
				en,
			);
			mainGroup = OBJ_5;
			productRefGroup = OBJ_48 /* Products */;
			projectDirPath = "";
			projectRoot = "";
			targets = (
				"Alamofire::Alamofire" /* Alamofire */,
				"Alamofire::SwiftPMPackageDescription" /* AlamofirePackageDescription */,
				"HouseSearchScript::SwiftPMPackageDescription" /* HouseSearchScriptPackageDescription */,
				"HouseSearchScript::HouseSearchScriptPackageTests::ProductTarget" /* HouseSearchScriptPackageTests */,
				"HouseSearchScript::Run" /* Run */,
				"HouseSearchScript::Source" /* Source */,
				"HouseSearchScript::SourceTests" /* SourceTests */,
				"HouseSearchScript::kchousescript::ProductTarget" /* kchousescript */,
			);
		};
/* End PBXProject section */

/* Begin PBXSourcesBuildPhase section */
		OBJ_109 /* Sources */ = {
			isa = PBXSourcesBuildPhase;
			buildActionMask = 0;
			files = (
				OBJ_110 /* App.swift in Sources */,
				4EED5D10214EDD2000A35365 /* NetworkError.swift in Sources */,
				4EED5D0D214EDD2000A35365 /* Result.swift in Sources */,
				OBJ_112 /* CSVWriter.swift in Sources */,
				4EED5D0F214EDD2000A35365 /* NetworkRequest.swift in Sources */,
				OBJ_113 /* Console.swift in Sources */,
				OBJ_114 /* DateFormatterUtil.swift in Sources */,
				4EED5D0E214EDD2000A35365 /* Response.swift in Sources */,
				OBJ_115 /* NetworkAPI.swift in Sources */,
				OBJ_117 /* SwiftScriptRunner.swift in Sources */,
				OBJ_118 /* AboveTheFold.swift in Sources */,
				OBJ_119 /* BelowTheFold.swift in Sources */,
				OBJ_120 /* HouseData.swift in Sources */,
				4EED5D0C214EDD2000A35365 /* NetworkClient.swift in Sources */,
			);
			runOnlyForDeploymentPostprocessing = 0;
		};
		OBJ_127 /* Sources */ = {
			isa = PBXSourcesBuildPhase;
			buildActionMask = 0;
			files = (
				OBJ_128 /* SourceTests.swift in Sources */,
			);
			runOnlyForDeploymentPostprocessing = 0;
		};
		OBJ_57 /* Sources */ = {
			isa = PBXSourcesBuildPhase;
			buildActionMask = 0;
			files = (
				OBJ_58 /* AFError.swift in Sources */,
				OBJ_59 /* Alamofire.swift in Sources */,
				OBJ_60 /* DispatchQueue+Alamofire.swift in Sources */,
				OBJ_61 /* MultipartFormData.swift in Sources */,
				OBJ_62 /* NetworkReachabilityManager.swift in Sources */,
				OBJ_63 /* Notifications.swift in Sources */,
				OBJ_64 /* ParameterEncoding.swift in Sources */,
				OBJ_65 /* Request.swift in Sources */,
				OBJ_66 /* Response.swift in Sources */,
				OBJ_67 /* ResponseSerialization.swift in Sources */,
				OBJ_68 /* Result.swift in Sources */,
				OBJ_69 /* ServerTrustPolicy.swift in Sources */,
				OBJ_70 /* SessionDelegate.swift in Sources */,
				OBJ_71 /* SessionManager.swift in Sources */,
				OBJ_72 /* TaskDelegate.swift in Sources */,
				OBJ_73 /* Timeline.swift in Sources */,
				OBJ_74 /* Validation.swift in Sources */,
			);
			runOnlyForDeploymentPostprocessing = 0;
		};
		OBJ_80 /* Sources */ = {
			isa = PBXSourcesBuildPhase;
			buildActionMask = 0;
			files = (
				OBJ_81 /* Package.swift in Sources */,
			);
			runOnlyForDeploymentPostprocessing = 0;
		};
		OBJ_86 /* Sources */ = {
			isa = PBXSourcesBuildPhase;
			buildActionMask = 0;
			files = (
				OBJ_87 /* Package.swift in Sources */,
			);
			runOnlyForDeploymentPostprocessing = 0;
		};
		OBJ_98 /* Sources */ = {
			isa = PBXSourcesBuildPhase;
			buildActionMask = 0;
			files = (
				OBJ_99 /* main.swift in Sources */,
			);
			runOnlyForDeploymentPostprocessing = 0;
		};
/* End PBXSourcesBuildPhase section */

/* Begin PBXTargetDependency section */
		OBJ_103 /* PBXTargetDependency */ = {
			isa = PBXTargetDependency;
			target = "HouseSearchScript::Source" /* Source */;
			targetProxy = 4E70F074214D90B900CDA9A0 /* PBXContainerItemProxy */;
		};
		OBJ_105 /* PBXTargetDependency */ = {
			isa = PBXTargetDependency;
			target = "Alamofire::Alamofire" /* Alamofire */;
			targetProxy = 4E70F076214D90B900CDA9A0 /* PBXContainerItemProxy */;
		};
		OBJ_123 /* PBXTargetDependency */ = {
			isa = PBXTargetDependency;
			target = "Alamofire::Alamofire" /* Alamofire */;
			targetProxy = 4E70F075214D90B900CDA9A0 /* PBXContainerItemProxy */;
		};
		OBJ_132 /* PBXTargetDependency */ = {
			isa = PBXTargetDependency;
			target = "HouseSearchScript::Source" /* Source */;
			targetProxy = 4E70F078214D90BA00CDA9A0 /* PBXContainerItemProxy */;
		};
		OBJ_133 /* PBXTargetDependency */ = {
			isa = PBXTargetDependency;
			target = "Alamofire::Alamofire" /* Alamofire */;
			targetProxy = 4E70F079214D90BA00CDA9A0 /* PBXContainerItemProxy */;
		};
		OBJ_138 /* PBXTargetDependency */ = {
			isa = PBXTargetDependency;
			target = "HouseSearchScript::Run" /* Run */;
			targetProxy = 4E70F07A214D90BA00CDA9A0 /* PBXContainerItemProxy */;
		};
		OBJ_92 /* PBXTargetDependency */ = {
			isa = PBXTargetDependency;
			target = "HouseSearchScript::SourceTests" /* SourceTests */;
			targetProxy = 4E70F077214D90BA00CDA9A0 /* PBXContainerItemProxy */;
		};
/* End PBXTargetDependency section */

/* Begin XCBuildConfiguration section */
		OBJ_107 /* Debug */ = {
			isa = XCBuildConfiguration;
			buildSettings = {
				ENABLE_TESTABILITY = YES;
				FRAMEWORK_SEARCH_PATHS = (
					"$(inherited)",
					"$(PLATFORM_DIR)/Developer/Library/Frameworks",
				);
				HEADER_SEARCH_PATHS = "$(inherited)";
				INFOPLIST_FILE = HouseSearchScript.xcodeproj/Source_Info.plist;
				LD_RUNPATH_SEARCH_PATHS = "$(inherited) $(TOOLCHAIN_DIR)/usr/lib/swift/macosx";
				OTHER_CFLAGS = "$(inherited)";
				OTHER_LDFLAGS = "$(inherited)";
				OTHER_SWIFT_FLAGS = "$(inherited)";
				PRODUCT_BUNDLE_IDENTIFIER = Source;
				PRODUCT_MODULE_NAME = "$(TARGET_NAME:c99extidentifier)";
				PRODUCT_NAME = "$(TARGET_NAME:c99extidentifier)";
				SKIP_INSTALL = YES;
				SWIFT_VERSION = 4.0;
				TARGET_NAME = Source;
			};
			name = Debug;
		};
		OBJ_108 /* Release */ = {
			isa = XCBuildConfiguration;
			buildSettings = {
				ENABLE_TESTABILITY = YES;
				FRAMEWORK_SEARCH_PATHS = (
					"$(inherited)",
					"$(PLATFORM_DIR)/Developer/Library/Frameworks",
				);
				HEADER_SEARCH_PATHS = "$(inherited)";
				INFOPLIST_FILE = HouseSearchScript.xcodeproj/Source_Info.plist;
				LD_RUNPATH_SEARCH_PATHS = "$(inherited) $(TOOLCHAIN_DIR)/usr/lib/swift/macosx";
				OTHER_CFLAGS = "$(inherited)";
				OTHER_LDFLAGS = "$(inherited)";
				OTHER_SWIFT_FLAGS = "$(inherited)";
				PRODUCT_BUNDLE_IDENTIFIER = Source;
				PRODUCT_MODULE_NAME = "$(TARGET_NAME:c99extidentifier)";
				PRODUCT_NAME = "$(TARGET_NAME:c99extidentifier)";
				SKIP_INSTALL = YES;
				SWIFT_VERSION = 4.0;
				TARGET_NAME = Source;
			};
			name = Release;
		};
		OBJ_125 /* Debug */ = {
			isa = XCBuildConfiguration;
			buildSettings = {
				EMBEDDED_CONTENT_CONTAINS_SWIFT = YES;
				FRAMEWORK_SEARCH_PATHS = (
					"$(inherited)",
					"$(PLATFORM_DIR)/Developer/Library/Frameworks",
				);
				HEADER_SEARCH_PATHS = "$(inherited)";
				INFOPLIST_FILE = HouseSearchScript.xcodeproj/SourceTests_Info.plist;
				LD_RUNPATH_SEARCH_PATHS = "$(inherited) @loader_path/../Frameworks @loader_path/Frameworks";
				OTHER_CFLAGS = "$(inherited)";
				OTHER_LDFLAGS = "$(inherited)";
				OTHER_SWIFT_FLAGS = "$(inherited)";
				SWIFT_VERSION = 4.0;
				TARGET_NAME = SourceTests;
			};
			name = Debug;
		};
		OBJ_126 /* Release */ = {
			isa = XCBuildConfiguration;
			buildSettings = {
				EMBEDDED_CONTENT_CONTAINS_SWIFT = YES;
				FRAMEWORK_SEARCH_PATHS = (
					"$(inherited)",
					"$(PLATFORM_DIR)/Developer/Library/Frameworks",
				);
				HEADER_SEARCH_PATHS = "$(inherited)";
				INFOPLIST_FILE = HouseSearchScript.xcodeproj/SourceTests_Info.plist;
				LD_RUNPATH_SEARCH_PATHS = "$(inherited) @loader_path/../Frameworks @loader_path/Frameworks";
				OTHER_CFLAGS = "$(inherited)";
				OTHER_LDFLAGS = "$(inherited)";
				OTHER_SWIFT_FLAGS = "$(inherited)";
				SWIFT_VERSION = 4.0;
				TARGET_NAME = SourceTests;
			};
			name = Release;
		};
		OBJ_136 /* Debug */ = {
			isa = XCBuildConfiguration;
			buildSettings = {
			};
			name = Debug;
		};
		OBJ_137 /* Release */ = {
			isa = XCBuildConfiguration;
			buildSettings = {
			};
			name = Release;
		};
		OBJ_3 /* Debug */ = {
			isa = XCBuildConfiguration;
			buildSettings = {
				CLANG_ENABLE_OBJC_ARC = YES;
				COMBINE_HIDPI_IMAGES = YES;
				COPY_PHASE_STRIP = NO;
				DEBUG_INFORMATION_FORMAT = dwarf;
				DYLIB_INSTALL_NAME_BASE = "@rpath";
				ENABLE_NS_ASSERTIONS = YES;
				GCC_OPTIMIZATION_LEVEL = 0;
				MACOSX_DEPLOYMENT_TARGET = 10.10;
				ONLY_ACTIVE_ARCH = YES;
				OTHER_SWIFT_FLAGS = "-DXcode";
				PRODUCT_NAME = "$(TARGET_NAME)";
				SDKROOT = macosx;
				SUPPORTED_PLATFORMS = "macosx iphoneos iphonesimulator appletvos appletvsimulator watchos watchsimulator";
				SWIFT_ACTIVE_COMPILATION_CONDITIONS = SWIFT_PACKAGE;
				SWIFT_OPTIMIZATION_LEVEL = "-Onone";
				USE_HEADERMAP = NO;
			};
			name = Debug;
		};
		OBJ_4 /* Release */ = {
			isa = XCBuildConfiguration;
			buildSettings = {
				CLANG_ENABLE_OBJC_ARC = YES;
				COMBINE_HIDPI_IMAGES = YES;
				COPY_PHASE_STRIP = YES;
				DEBUG_INFORMATION_FORMAT = "dwarf-with-dsym";
				DYLIB_INSTALL_NAME_BASE = "@rpath";
				GCC_OPTIMIZATION_LEVEL = s;
				MACOSX_DEPLOYMENT_TARGET = 10.10;
				OTHER_SWIFT_FLAGS = "-DXcode";
				PRODUCT_NAME = "$(TARGET_NAME)";
				SDKROOT = macosx;
				SUPPORTED_PLATFORMS = "macosx iphoneos iphonesimulator appletvos appletvsimulator watchos watchsimulator";
				SWIFT_ACTIVE_COMPILATION_CONDITIONS = SWIFT_PACKAGE;
				SWIFT_OPTIMIZATION_LEVEL = "-Owholemodule";
				USE_HEADERMAP = NO;
			};
			name = Release;
		};
		OBJ_55 /* Debug */ = {
			isa = XCBuildConfiguration;
			buildSettings = {
				ENABLE_TESTABILITY = YES;
				FRAMEWORK_SEARCH_PATHS = (
					"$(inherited)",
					"$(PLATFORM_DIR)/Developer/Library/Frameworks",
				);
				HEADER_SEARCH_PATHS = "$(inherited)";
				INFOPLIST_FILE = HouseSearchScript.xcodeproj/Alamofire_Info.plist;
				LD_RUNPATH_SEARCH_PATHS = "$(inherited) $(TOOLCHAIN_DIR)/usr/lib/swift/macosx";
				OTHER_CFLAGS = "$(inherited)";
				OTHER_LDFLAGS = "$(inherited)";
				OTHER_SWIFT_FLAGS = "$(inherited)";
				PRODUCT_BUNDLE_IDENTIFIER = Alamofire;
				PRODUCT_MODULE_NAME = "$(TARGET_NAME:c99extidentifier)";
				PRODUCT_NAME = "$(TARGET_NAME:c99extidentifier)";
				SKIP_INSTALL = YES;
				SWIFT_VERSION = 3.0;
				TARGET_NAME = Alamofire;
			};
			name = Debug;
		};
		OBJ_56 /* Release */ = {
			isa = XCBuildConfiguration;
			buildSettings = {
				ENABLE_TESTABILITY = YES;
				FRAMEWORK_SEARCH_PATHS = (
					"$(inherited)",
					"$(PLATFORM_DIR)/Developer/Library/Frameworks",
				);
				HEADER_SEARCH_PATHS = "$(inherited)";
				INFOPLIST_FILE = HouseSearchScript.xcodeproj/Alamofire_Info.plist;
				LD_RUNPATH_SEARCH_PATHS = "$(inherited) $(TOOLCHAIN_DIR)/usr/lib/swift/macosx";
				OTHER_CFLAGS = "$(inherited)";
				OTHER_LDFLAGS = "$(inherited)";
				OTHER_SWIFT_FLAGS = "$(inherited)";
				PRODUCT_BUNDLE_IDENTIFIER = Alamofire;
				PRODUCT_MODULE_NAME = "$(TARGET_NAME:c99extidentifier)";
				PRODUCT_NAME = "$(TARGET_NAME:c99extidentifier)";
				SKIP_INSTALL = YES;
				SWIFT_VERSION = 3.0;
				TARGET_NAME = Alamofire;
			};
			name = Release;
		};
		OBJ_78 /* Debug */ = {
			isa = XCBuildConfiguration;
			buildSettings = {
				LD = /usr/bin/true;
				OTHER_SWIFT_FLAGS = "-swift-version 3 -I $(TOOLCHAIN_DIR)/usr/lib/swift/pm/3 -target x86_64-apple-macosx10.10 -sdk /Applications/Xcode.app/Contents/Developer/Platforms/MacOSX.platform/Developer/SDKs/MacOSX10.13.sdk";
				SWIFT_VERSION = 3.0;
			};
			name = Debug;
		};
		OBJ_79 /* Release */ = {
			isa = XCBuildConfiguration;
			buildSettings = {
				LD = /usr/bin/true;
				OTHER_SWIFT_FLAGS = "-swift-version 3 -I $(TOOLCHAIN_DIR)/usr/lib/swift/pm/3 -target x86_64-apple-macosx10.10 -sdk /Applications/Xcode.app/Contents/Developer/Platforms/MacOSX.platform/Developer/SDKs/MacOSX10.13.sdk";
				SWIFT_VERSION = 3.0;
			};
			name = Release;
		};
		OBJ_84 /* Debug */ = {
			isa = XCBuildConfiguration;
			buildSettings = {
				LD = /usr/bin/true;
				OTHER_SWIFT_FLAGS = "-swift-version 4 -I $(TOOLCHAIN_DIR)/usr/lib/swift/pm/4 -target x86_64-apple-macosx10.10 -sdk /Applications/Xcode.app/Contents/Developer/Platforms/MacOSX.platform/Developer/SDKs/MacOSX10.13.sdk";
				SWIFT_VERSION = 4.0;
			};
			name = Debug;
		};
		OBJ_85 /* Release */ = {
			isa = XCBuildConfiguration;
			buildSettings = {
				LD = /usr/bin/true;
				OTHER_SWIFT_FLAGS = "-swift-version 4 -I $(TOOLCHAIN_DIR)/usr/lib/swift/pm/4 -target x86_64-apple-macosx10.10 -sdk /Applications/Xcode.app/Contents/Developer/Platforms/MacOSX.platform/Developer/SDKs/MacOSX10.13.sdk";
				SWIFT_VERSION = 4.0;
			};
			name = Release;
		};
		OBJ_90 /* Debug */ = {
			isa = XCBuildConfiguration;
			buildSettings = {
			};
			name = Debug;
		};
		OBJ_91 /* Release */ = {
			isa = XCBuildConfiguration;
			buildSettings = {
			};
			name = Release;
		};
		OBJ_96 /* Debug */ = {
			isa = XCBuildConfiguration;
			buildSettings = {
				FRAMEWORK_SEARCH_PATHS = (
					"$(inherited)",
					"$(PLATFORM_DIR)/Developer/Library/Frameworks",
				);
				HEADER_SEARCH_PATHS = "$(inherited)";
				INFOPLIST_FILE = HouseSearchScript.xcodeproj/Run_Info.plist;
				LD_RUNPATH_SEARCH_PATHS = "$(inherited) $(TOOLCHAIN_DIR)/usr/lib/swift/macosx @executable_path";
				OTHER_CFLAGS = "$(inherited)";
				OTHER_LDFLAGS = "$(inherited)";
				OTHER_SWIFT_FLAGS = "$(inherited)";
				SWIFT_FORCE_DYNAMIC_LINK_STDLIB = YES;
				SWIFT_FORCE_STATIC_LINK_STDLIB = NO;
				SWIFT_VERSION = 4.0;
				TARGET_NAME = Run;
			};
			name = Debug;
		};
		OBJ_97 /* Release */ = {
			isa = XCBuildConfiguration;
			buildSettings = {
				FRAMEWORK_SEARCH_PATHS = (
					"$(inherited)",
					"$(PLATFORM_DIR)/Developer/Library/Frameworks",
				);
				HEADER_SEARCH_PATHS = "$(inherited)";
				INFOPLIST_FILE = HouseSearchScript.xcodeproj/Run_Info.plist;
				LD_RUNPATH_SEARCH_PATHS = "$(inherited) $(TOOLCHAIN_DIR)/usr/lib/swift/macosx @executable_path";
				OTHER_CFLAGS = "$(inherited)";
				OTHER_LDFLAGS = "$(inherited)";
				OTHER_SWIFT_FLAGS = "$(inherited)";
				SWIFT_FORCE_DYNAMIC_LINK_STDLIB = YES;
				SWIFT_FORCE_STATIC_LINK_STDLIB = NO;
				SWIFT_VERSION = 4.0;
				TARGET_NAME = Run;
			};
			name = Release;
		};
/* End XCBuildConfiguration section */

/* Begin XCConfigurationList section */
		OBJ_106 /* Build configuration list for PBXNativeTarget "Source" */ = {
			isa = XCConfigurationList;
			buildConfigurations = (
				OBJ_107 /* Debug */,
				OBJ_108 /* Release */,
			);
			defaultConfigurationIsVisible = 0;
			defaultConfigurationName = Release;
		};
		OBJ_124 /* Build configuration list for PBXNativeTarget "SourceTests" */ = {
			isa = XCConfigurationList;
			buildConfigurations = (
				OBJ_125 /* Debug */,
				OBJ_126 /* Release */,
			);
			defaultConfigurationIsVisible = 0;
			defaultConfigurationName = Release;
		};
		OBJ_135 /* Build configuration list for PBXAggregateTarget "kchousescript" */ = {
			isa = XCConfigurationList;
			buildConfigurations = (
				OBJ_136 /* Debug */,
				OBJ_137 /* Release */,
			);
			defaultConfigurationIsVisible = 0;
			defaultConfigurationName = Release;
		};
		OBJ_2 /* Build configuration list for PBXProject "HouseSearchScript" */ = {
			isa = XCConfigurationList;
			buildConfigurations = (
				OBJ_3 /* Debug */,
				OBJ_4 /* Release */,
			);
			defaultConfigurationIsVisible = 0;
			defaultConfigurationName = Release;
		};
		OBJ_54 /* Build configuration list for PBXNativeTarget "Alamofire" */ = {
			isa = XCConfigurationList;
			buildConfigurations = (
				OBJ_55 /* Debug */,
				OBJ_56 /* Release */,
			);
			defaultConfigurationIsVisible = 0;
			defaultConfigurationName = Release;
		};
		OBJ_77 /* Build configuration list for PBXNativeTarget "AlamofirePackageDescription" */ = {
			isa = XCConfigurationList;
			buildConfigurations = (
				OBJ_78 /* Debug */,
				OBJ_79 /* Release */,
			);
			defaultConfigurationIsVisible = 0;
			defaultConfigurationName = Release;
		};
		OBJ_83 /* Build configuration list for PBXNativeTarget "HouseSearchScriptPackageDescription" */ = {
			isa = XCConfigurationList;
			buildConfigurations = (
				OBJ_84 /* Debug */,
				OBJ_85 /* Release */,
			);
			defaultConfigurationIsVisible = 0;
			defaultConfigurationName = Release;
		};
		OBJ_89 /* Build configuration list for PBXAggregateTarget "HouseSearchScriptPackageTests" */ = {
			isa = XCConfigurationList;
			buildConfigurations = (
				OBJ_90 /* Debug */,
				OBJ_91 /* Release */,
			);
			defaultConfigurationIsVisible = 0;
			defaultConfigurationName = Release;
		};
		OBJ_95 /* Build configuration list for PBXNativeTarget "Run" */ = {
			isa = XCConfigurationList;
			buildConfigurations = (
				OBJ_96 /* Debug */,
				OBJ_97 /* Release */,
			);
			defaultConfigurationIsVisible = 0;
			defaultConfigurationName = Release;
		};
/* End XCConfigurationList section */
	};
	rootObject = OBJ_1 /* Project object */;
}
